
Microsoft Visual Studio Solution File, Format Version 12.00
# Visual Studio Version 16
VisualStudioVersion = 16.0.30104.148
MinimumVisualStudioVersion = 10.0.40219.1
Project("{FAE04EC0-301F-11D3-BF4B-00C04F79EFBC}") = "RealEstate", "RealEstate\RealEstate.csproj", "{FA495C9E-7F49-44C6-B45D-565E7345F3DC}"
EndProject
Global
	GlobalSection(SolutionConfigurationPlatforms) = preSolution
		Debug|Any CPU = Debug|Any CPU
		Release|Any CPU = Release|Any CPU
	EndGlobalSection
	GlobalSection(ProjectConfigurationPlatforms) = postSolution
		{FA495C9E-7F49-44C6-B45D-565E7345F3DC}.Debug|Any CPU.ActiveCfg = Debug|Any CPU
		{FA495C9E-7F49-44C6-B45D-565E7345F3DC}.Debug|Any CPU.Build.0 = Debug|Any CPU
		{FA495C9E-7F49-44C6-B45D-565E7345F3DC}.Release|Any CPU.ActiveCfg = Release|Any CPU
		{FA495C9E-7F49-44C6-B45D-565E7345F3DC}.Release|Any CPU.Build.0 = Release|Any CPU
	EndGlobalSection
	GlobalSection(SolutionProperties) = preSolution
		HideSolutionNode = FALSE
	EndGlobalSection
	GlobalSection(ExtensibilityGlobals) = postSolution
		SolutionGuid = {33836220-3FCF-4B63-AF19-55B82F2E7CCD}
	EndGlobalSection
EndGlobal
